
Microsoft Visual Studio Solution File, Format Version 12.00
# Visual Studio Version 17
VisualStudioVersion = 17.0.32112.339
MinimumVisualStudioVersion = 10.0.40219.1
Project("{FAE04EC0-301F-11D3-BF4B-00C04F79EFBC}") = "Template", "Template\Template.csproj", "{F74C8370-235E-466E-85A3-408985FA56AF}"
EndProject
Project("{2150E333-8FDC-42A3-9474-1A3956D46DE8}") = "1-Web", "1-Web", "{6C3E115B-304F-464F-9E15-1FF0E8BFCC24}"
EndProject
Project("{2150E333-8FDC-42A3-9474-1A3956D46DE8}") = "2-Application", "2-Application", "{A5088D8E-DEB7-40BF-AB91-9CAE27A0442F}"
EndProject
Project("{2150E333-8FDC-42A3-9474-1A3956D46DE8}") = "3-Domain", "3-Domain", "{E93F748A-4A64-4B1A-BB36-C258E4BE3E73}"
EndProject
Project("{2150E333-8FDC-42A3-9474-1A3956D46DE8}") = "4-Infra", "4-Infra", "{D4C6C052-CC78-4497-9535-3E3A96027B23}"
EndProject
Project("{FAE04EC0-301F-11D3-BF4B-00C04F79EFBC}") = "Template.Application", "Template.Application\Template.Application.csproj", "{DEE3C2F6-F040-4CD3-9A25-639FF956D38A}"
EndProject
Project("{FAE04EC0-301F-11D3-BF4B-00C04F79EFBC}") = "Template.Domain", "Template.Domain\Template.Domain.csproj", "{B8DE998D-F110-4508-9773-637011BD0489}"
EndProject
Project("{2150E333-8FDC-42A3-9474-1A3956D46DE8}") = "Interfaces", "Interfaces", "{597D0582-E56E-4106-86FC-A87738B3F93A}"
EndProject
Project("{2150E333-8FDC-42A3-9474-1A3956D46DE8}") = "ViewModels", "ViewModels", "{C5280115-FB58-4495-928F-F45B8FE4F652}"
EndProject
Project("{2150E333-8FDC-42A3-9474-1A3956D46DE8}") = "Services", "Services", "{6B1A853A-E1BA-4F72-842C-585F9F465D36}"
EndProject
Project("{2150E333-8FDC-42A3-9474-1A3956D46DE8}") = "Interfaces", "Interfaces", "{83FC21CC-8ACC-48D3-A42B-71A17E023866}"
EndProject
Project("{2150E333-8FDC-42A3-9474-1A3956D46DE8}") = "Models", "Models", "{15CC9F1E-2E06-4ABF-8512-38F54980D3CF}"
EndProject
Project("{2150E333-8FDC-42A3-9474-1A3956D46DE8}") = "Entities", "Entities", "{E2956183-00B8-48B1-B0CB-B00596B860DE}"
EndProject
Project("{2150E333-8FDC-42A3-9474-1A3956D46DE8}") = "4.1-Data", "4.1-Data", "{DE29B62D-6468-456F-9909-3CD1278C6657}"
EndProject
Project("{2150E333-8FDC-42A3-9474-1A3956D46DE8}") = "4.2-CrossCutting", "4.2-CrossCutting", "{A657E1BC-D8FD-4BDE-A4CF-B1F44B8D9611}"
EndProject
Project("{2150E333-8FDC-42A3-9474-1A3956D46DE8}") = "Context", "Context", "{422171FA-EEC9-4CEA-B4E6-7581939F57A1}"
EndProject
Project("{2150E333-8FDC-42A3-9474-1A3956D46DE8}") = "Mappings", "Mappings", "{A21F7E3C-643F-4353-B049-1214B238B54F}"
EndProject
Project("{2150E333-8FDC-42A3-9474-1A3956D46DE8}") = "Repositories", "Repositories", "{5E2E8C82-9CE5-4202-A3B7-7CB609F536FB}"
EndProject
Global
	GlobalSection(SolutionConfigurationPlatforms) = preSolution
		Debug|Any CPU = Debug|Any CPU
		Release|Any CPU = Release|Any CPU
	EndGlobalSection
	GlobalSection(ProjectConfigurationPlatforms) = postSolution
		{F74C8370-235E-466E-85A3-408985FA56AF}.Debug|Any CPU.ActiveCfg = Debug|Any CPU
		{F74C8370-235E-466E-85A3-408985FA56AF}.Debug|Any CPU.Build.0 = Debug|Any CPU
		{F74C8370-235E-466E-85A3-408985FA56AF}.Release|Any CPU.ActiveCfg = Release|Any CPU
		{F74C8370-235E-466E-85A3-408985FA56AF}.Release|Any CPU.Build.0 = Release|Any CPU
		{DEE3C2F6-F040-4CD3-9A25-639FF956D38A}.Debug|Any CPU.ActiveCfg = Debug|Any CPU
		{DEE3C2F6-F040-4CD3-9A25-639FF956D38A}.Debug|Any CPU.Build.0 = Debug|Any CPU
		{DEE3C2F6-F040-4CD3-9A25-639FF956D38A}.Release|Any CPU.ActiveCfg = Release|Any CPU
		{DEE3C2F6-F040-4CD3-9A25-639FF956D38A}.Release|Any CPU.Build.0 = Release|Any CPU
		{B8DE998D-F110-4508-9773-637011BD0489}.Debug|Any CPU.ActiveCfg = Debug|Any CPU
		{B8DE998D-F110-4508-9773-637011BD0489}.Debug|Any CPU.Build.0 = Debug|Any CPU
		{B8DE998D-F110-4508-9773-637011BD0489}.Release|Any CPU.ActiveCfg = Release|Any CPU
		{B8DE998D-F110-4508-9773-637011BD0489}.Release|Any CPU.Build.0 = Release|Any CPU
	EndGlobalSection
	GlobalSection(SolutionProperties) = preSolution
		HideSolutionNode = FALSE
	EndGlobalSection
	GlobalSection(NestedProjects) = preSolution
		{F74C8370-235E-466E-85A3-408985FA56AF} = {6C3E115B-304F-464F-9E15-1FF0E8BFCC24}
		{DEE3C2F6-F040-4CD3-9A25-639FF956D38A} = {A5088D8E-DEB7-40BF-AB91-9CAE27A0442F}
		{B8DE998D-F110-4508-9773-637011BD0489} = {E93F748A-4A64-4B1A-BB36-C258E4BE3E73}
		{597D0582-E56E-4106-86FC-A87738B3F93A} = {A5088D8E-DEB7-40BF-AB91-9CAE27A0442F}
		{C5280115-FB58-4495-928F-F45B8FE4F652} = {A5088D8E-DEB7-40BF-AB91-9CAE27A0442F}
		{6B1A853A-E1BA-4F72-842C-585F9F465D36} = {A5088D8E-DEB7-40BF-AB91-9CAE27A0442F}
		{83FC21CC-8ACC-48D3-A42B-71A17E023866} = {E93F748A-4A64-4B1A-BB36-C258E4BE3E73}
		{15CC9F1E-2E06-4ABF-8512-38F54980D3CF} = {E93F748A-4A64-4B1A-BB36-C258E4BE3E73}
		{E2956183-00B8-48B1-B0CB-B00596B860DE} = {E93F748A-4A64-4B1A-BB36-C258E4BE3E73}
		{DE29B62D-6468-456F-9909-3CD1278C6657} = {D4C6C052-CC78-4497-9535-3E3A96027B23}
		{A657E1BC-D8FD-4BDE-A4CF-B1F44B8D9611} = {D4C6C052-CC78-4497-9535-3E3A96027B23}
		{422171FA-EEC9-4CEA-B4E6-7581939F57A1} = {DE29B62D-6468-456F-9909-3CD1278C6657}
		{A21F7E3C-643F-4353-B049-1214B238B54F} = {DE29B62D-6468-456F-9909-3CD1278C6657}
		{5E2E8C82-9CE5-4202-A3B7-7CB609F536FB} = {DE29B62D-6468-456F-9909-3CD1278C6657}
	EndGlobalSection
	GlobalSection(ExtensibilityGlobals) = postSolution
		SolutionGuid = {870FC13C-6BCF-400E-BD5E-A5E877B5E413}
	EndGlobalSection
EndGlobal
